
Microsoft Visual Studio Solution File, Format Version 12.00
# Visual Studio 15
VisualStudioVersion = 15.0.28010.2026
MinimumVisualStudioVersion = 10.0.40219.1
Project("{8BC9CEB8-8B4A-11D0-8D11-00A0C91BC942}") = "chap1", "LDH(bit MFC)\LDH(bit MFC).vcxproj", "{116CF371-2F81-4EAA-8DA1-F0EB0EED983A}"
EndProject
Project("{8BC9CEB8-8B4A-11D0-8D11-00A0C91BC942}") = "chap2", "LDH(bit MFC)_chap2\LDH(bit MFC)_chap2.vcxproj", "{5DD7FCF8-A51D-4610-BFBC-9BE8D4E69A9D}"
EndProject
Project("{8BC9CEB8-8B4A-11D0-8D11-00A0C91BC942}") = "chap3", "LDH(bit MFC)_chap3\LDH(bit MFC)_chap3.vcxproj", "{43329956-C1D4-47AD-9E23-75559F56B794}"
EndProject
Project("{8BC9CEB8-8B4A-11D0-8D11-00A0C91BC942}") = "chap4", "LDH(bit MFC)_chap4\LDH(bit MFC)_chap4.vcxproj", "{781A7F92-2D4B-41BC-88E7-E3E5108D053A}"
EndProject
Project("{8BC9CEB8-8B4A-11D0-8D11-00A0C91BC942}") = "chap5", "LDH(bit MFC)_chap5\LDH(bit MFC)_chap5.vcxproj", "{FBC8BAD4-9ED5-425C-93A3-9E0BC1079DFE}"
EndProject
Project("{8BC9CEB8-8B4A-11D0-8D11-00A0C91BC942}") = "test1_MFC", "MFCApplication1\MFCApplication1.vcxproj", "{C6FA8E1A-3B7C-46D7-A799-B04E4E594AD8}"
EndProject
Project("{8BC9CEB8-8B4A-11D0-8D11-00A0C91BC942}") = "chap6", "LDH(bit MFC)_chap6\LDH(bit MFC)_chap6.vcxproj", "{2C2A88DB-5CC2-4A4A-8C52-EE59929AC843}"
EndProject
Project("{8BC9CEB8-8B4A-11D0-8D11-00A0C91BC942}") = "chap6_complete", "chap6_complete\chap6_complete.vcxproj", "{3FC1C971-328A-4E24-909D-22DEE4AA96B3}"
EndProject
Project("{8BC9CEB8-8B4A-11D0-8D11-00A0C91BC942}") = "chap7", "LDH(bit MFC)_chap7\LDH(bit MFC)_chap7.vcxproj", "{A5044808-5822-4850-923F-7782B2E43850}"
EndProject
Project("{8BC9CEB8-8B4A-11D0-8D11-00A0C91BC942}") = "test2_MFC", "test2_MFC\test2_MFC.vcxproj", "{A21C0157-69EA-4C36-B8F8-776325A60752}"
EndProject
Project("{8BC9CEB8-8B4A-11D0-8D11-00A0C91BC942}") = "chap8", "chap8\chap8.vcxproj", "{F6EC7D7A-D709-4ACD-8F7F-50FD7C2B1547}"
EndProject
Project("{8BC9CEB8-8B4A-11D0-8D11-00A0C91BC942}") = "chap8_DC", "chap8_DC\chap8_DC.vcxproj", "{848346E9-EC20-43CD-BC5A-987F79581565}"
EndProject
Project("{8BC9CEB8-8B4A-11D0-8D11-00A0C91BC942}") = "chap9", "chap9\chap9.vcxproj", "{9367FC35-4346-4A7E-AF8A-EBB593DE5D26}"
EndProject
Project("{8BC9CEB8-8B4A-11D0-8D11-00A0C91BC942}") = "chap10", "chap10\chap10.vcxproj", "{1158E170-3D8D-4233-B55E-AABF8C0FC3CF}"
EndProject
Project("{8BC9CEB8-8B4A-11D0-8D11-00A0C91BC942}") = "Single", "Single\Single.vcxproj", "{4F3F8BB1-D03E-4266-9605-4266F9813F89}"
EndProject
Project("{8BC9CEB8-8B4A-11D0-8D11-00A0C91BC942}") = "MFCExe", "MFCExe\MFCExe.vcxproj", "{2EA2D060-182D-4FB6-9FA5-868E5EA2F516}"
EndProject
Project("{8BC9CEB8-8B4A-11D0-8D11-00A0C91BC942}") = "MFCExe2", "MFCExe2\MFCExe2.vcxproj", "{588C6053-F902-4D17-B4DC-3894CBE2A3EE}"
EndProject
Project("{8BC9CEB8-8B4A-11D0-8D11-00A0C91BC942}") = "LineDrawing", "LineDrawing\LineDrawing.vcxproj", "{44FC0023-CC6C-48CB-8F71-783B46DB2F50}"
EndProject
Project("{8BC9CEB8-8B4A-11D0-8D11-00A0C91BC942}") = "Child", "Child\Child.vcxproj", "{90508E45-CE00-4917-9E0D-19CB70AFA72E}"
EndProject
Project("{8BC9CEB8-8B4A-11D0-8D11-00A0C91BC942}") = "KEY", "KEY\KEY.vcxproj", "{B2383112-CDB5-4A44-A4B2-2F34A7BA479B}"
EndProject
Project("{8BC9CEB8-8B4A-11D0-8D11-00A0C91BC942}") = "RB_test", "RB_test\RB_test.vcxproj", "{0EBE888B-7344-4528-AC04-C71598C0995F}"
EndProject
Project("{8BC9CEB8-8B4A-11D0-8D11-00A0C91BC942}") = "RB", "RB\RB.vcxproj", "{72C997F6-4F38-45F1-AC0E-564BAC7E0D6A}"
EndProject
Global
	GlobalSection(SolutionConfigurationPlatforms) = preSolution
		Debug|x64 = Debug|x64
		Debug|x86 = Debug|x86
		Release|x64 = Release|x64
		Release|x86 = Release|x86
	EndGlobalSection
	GlobalSection(ProjectConfigurationPlatforms) = postSolution
		{116CF371-2F81-4EAA-8DA1-F0EB0EED983A}.Debug|x64.ActiveCfg = Debug|x64
		{116CF371-2F81-4EAA-8DA1-F0EB0EED983A}.Debug|x64.Build.0 = Debug|x64
		{116CF371-2F81-4EAA-8DA1-F0EB0EED983A}.Debug|x86.ActiveCfg = Debug|Win32
		{116CF371-2F81-4EAA-8DA1-F0EB0EED983A}.Debug|x86.Build.0 = Debug|Win32
		{116CF371-2F81-4EAA-8DA1-F0EB0EED983A}.Release|x64.ActiveCfg = Release|x64
		{116CF371-2F81-4EAA-8DA1-F0EB0EED983A}.Release|x64.Build.0 = Release|x64
		{116CF371-2F81-4EAA-8DA1-F0EB0EED983A}.Release|x86.ActiveCfg = Release|Win32
		{116CF371-2F81-4EAA-8DA1-F0EB0EED983A}.Release|x86.Build.0 = Release|Win32
		{5DD7FCF8-A51D-4610-BFBC-9BE8D4E69A9D}.Debug|x64.ActiveCfg = Debug|x64
		{5DD7FCF8-A51D-4610-BFBC-9BE8D4E69A9D}.Debug|x64.Build.0 = Debug|x64
		{5DD7FCF8-A51D-4610-BFBC-9BE8D4E69A9D}.Debug|x86.ActiveCfg = Debug|Win32
		{5DD7FCF8-A51D-4610-BFBC-9BE8D4E69A9D}.Debug|x86.Build.0 = Debug|Win32
		{5DD7FCF8-A51D-4610-BFBC-9BE8D4E69A9D}.Release|x64.ActiveCfg = Release|x64
		{5DD7FCF8-A51D-4610-BFBC-9BE8D4E69A9D}.Release|x64.Build.0 = Release|x64
		{5DD7FCF8-A51D-4610-BFBC-9BE8D4E69A9D}.Release|x86.ActiveCfg = Release|Win32
		{5DD7FCF8-A51D-4610-BFBC-9BE8D4E69A9D}.Release|x86.Build.0 = Release|Win32
		{43329956-C1D4-47AD-9E23-75559F56B794}.Debug|x64.ActiveCfg = Debug|x64
		{43329956-C1D4-47AD-9E23-75559F56B794}.Debug|x64.Build.0 = Debug|x64
		{43329956-C1D4-47AD-9E23-75559F56B794}.Debug|x86.ActiveCfg = Debug|Win32
		{43329956-C1D4-47AD-9E23-75559F56B794}.Debug|x86.Build.0 = Debug|Win32
		{43329956-C1D4-47AD-9E23-75559F56B794}.Release|x64.ActiveCfg = Release|x64
		{43329956-C1D4-47AD-9E23-75559F56B794}.Release|x64.Build.0 = Release|x64
		{43329956-C1D4-47AD-9E23-75559F56B794}.Release|x86.ActiveCfg = Release|Win32
		{43329956-C1D4-47AD-9E23-75559F56B794}.Release|x86.Build.0 = Release|Win32
		{781A7F92-2D4B-41BC-88E7-E3E5108D053A}.Debug|x64.ActiveCfg = Debug|x64
		{781A7F92-2D4B-41BC-88E7-E3E5108D053A}.Debug|x64.Build.0 = Debug|x64
		{781A7F92-2D4B-41BC-88E7-E3E5108D053A}.Debug|x86.ActiveCfg = Debug|Win32
		{781A7F92-2D4B-41BC-88E7-E3E5108D053A}.Debug|x86.Build.0 = Debug|Win32
		{781A7F92-2D4B-41BC-88E7-E3E5108D053A}.Release|x64.ActiveCfg = Release|x64
		{781A7F92-2D4B-41BC-88E7-E3E5108D053A}.Release|x64.Build.0 = Release|x64
		{781A7F92-2D4B-41BC-88E7-E3E5108D053A}.Release|x86.ActiveCfg = Release|Win32
		{781A7F92-2D4B-41BC-88E7-E3E5108D053A}.Release|x86.Build.0 = Release|Win32
		{FBC8BAD4-9ED5-425C-93A3-9E0BC1079DFE}.Debug|x64.ActiveCfg = Debug|x64
		{FBC8BAD4-9ED5-425C-93A3-9E0BC1079DFE}.Debug|x64.Build.0 = Debug|x64
		{FBC8BAD4-9ED5-425C-93A3-9E0BC1079DFE}.Debug|x86.ActiveCfg = Debug|Win32
		{FBC8BAD4-9ED5-425C-93A3-9E0BC1079DFE}.Debug|x86.Build.0 = Debug|Win32
		{FBC8BAD4-9ED5-425C-93A3-9E0BC1079DFE}.Release|x64.ActiveCfg = Release|x64
		{FBC8BAD4-9ED5-425C-93A3-9E0BC1079DFE}.Release|x64.Build.0 = Release|x64
		{FBC8BAD4-9ED5-425C-93A3-9E0BC1079DFE}.Release|x86.ActiveCfg = Release|Win32
		{FBC8BAD4-9ED5-425C-93A3-9E0BC1079DFE}.Release|x86.Build.0 = Release|Win32
		{C6FA8E1A-3B7C-46D7-A799-B04E4E594AD8}.Debug|x64.ActiveCfg = Debug|x64
		{C6FA8E1A-3B7C-46D7-A799-B04E4E594AD8}.Debug|x64.Build.0 = Debug|x64
		{C6FA8E1A-3B7C-46D7-A799-B04E4E594AD8}.Debug|x86.ActiveCfg = Debug|Win32
		{C6FA8E1A-3B7C-46D7-A799-B04E4E594AD8}.Debug|x86.Build.0 = Debug|Win32
		{C6FA8E1A-3B7C-46D7-A799-B04E4E594AD8}.Release|x64.ActiveCfg = Release|x64
		{C6FA8E1A-3B7C-46D7-A799-B04E4E594AD8}.Release|x64.Build.0 = Release|x64
		{C6FA8E1A-3B7C-46D7-A799-B04E4E594AD8}.Release|x86.ActiveCfg = Release|Win32
		{C6FA8E1A-3B7C-46D7-A799-B04E4E594AD8}.Release|x86.Build.0 = Release|Win32
		{2C2A88DB-5CC2-4A4A-8C52-EE59929AC843}.Debug|x64.ActiveCfg = Debug|x64
		{2C2A88DB-5CC2-4A4A-8C52-EE59929AC843}.Debug|x64.Build.0 = Debug|x64
		{2C2A88DB-5CC2-4A4A-8C52-EE59929AC843}.Debug|x86.ActiveCfg = Debug|Win32
		{2C2A88DB-5CC2-4A4A-8C52-EE59929AC843}.Debug|x86.Build.0 = Debug|Win32
		{2C2A88DB-5CC2-4A4A-8C52-EE59929AC843}.Release|x64.ActiveCfg = Release|x64
		{2C2A88DB-5CC2-4A4A-8C52-EE59929AC843}.Release|x64.Build.0 = Release|x64
		{2C2A88DB-5CC2-4A4A-8C52-EE59929AC843}.Release|x86.ActiveCfg = Release|Win32
		{2C2A88DB-5CC2-4A4A-8C52-EE59929AC843}.Release|x86.Build.0 = Release|Win32
		{3FC1C971-328A-4E24-909D-22DEE4AA96B3}.Debug|x64.ActiveCfg = Debug|x64
		{3FC1C971-328A-4E24-909D-22DEE4AA96B3}.Debug|x64.Build.0 = Debug|x64
		{3FC1C971-328A-4E24-909D-22DEE4AA96B3}.Debug|x86.ActiveCfg = Debug|Win32
		{3FC1C971-328A-4E24-909D-22DEE4AA96B3}.Debug|x86.Build.0 = Debug|Win32
		{3FC1C971-328A-4E24-909D-22DEE4AA96B3}.Release|x64.ActiveCfg = Release|x64
		{3FC1C971-328A-4E24-909D-22DEE4AA96B3}.Release|x64.Build.0 = Release|x64
		{3FC1C971-328A-4E24-909D-22DEE4AA96B3}.Release|x86.ActiveCfg = Release|Win32
		{3FC1C971-328A-4E24-909D-22DEE4AA96B3}.Release|x86.Build.0 = Release|Win32
		{A5044808-5822-4850-923F-7782B2E43850}.Debug|x64.ActiveCfg = Debug|x64
		{A5044808-5822-4850-923F-7782B2E43850}.Debug|x64.Build.0 = Debug|x64
		{A5044808-5822-4850-923F-7782B2E43850}.Debug|x86.ActiveCfg = Debug|Win32
		{A5044808-5822-4850-923F-7782B2E43850}.Debug|x86.Build.0 = Debug|Win32
		{A5044808-5822-4850-923F-7782B2E43850}.Release|x64.ActiveCfg = Release|x64
		{A5044808-5822-4850-923F-7782B2E43850}.Release|x64.Build.0 = Release|x64
		{A5044808-5822-4850-923F-7782B2E43850}.Release|x86.ActiveCfg = Release|Win32
		{A5044808-5822-4850-923F-7782B2E43850}.Release|x86.Build.0 = Release|Win32
		{A21C0157-69EA-4C36-B8F8-776325A60752}.Debug|x64.ActiveCfg = Debug|x64
		{A21C0157-69EA-4C36-B8F8-776325A60752}.Debug|x64.Build.0 = Debug|x64
		{A21C0157-69EA-4C36-B8F8-776325A60752}.Debug|x86.ActiveCfg = Debug|Win32
		{A21C0157-69EA-4C36-B8F8-776325A60752}.Debug|x86.Build.0 = Debug|Win32
		{A21C0157-69EA-4C36-B8F8-776325A60752}.Release|x64.ActiveCfg = Release|x64
		{A21C0157-69EA-4C36-B8F8-776325A60752}.Release|x64.Build.0 = Release|x64
		{A21C0157-69EA-4C36-B8F8-776325A60752}.Release|x86.ActiveCfg = Release|Win32
		{A21C0157-69EA-4C36-B8F8-776325A60752}.Release|x86.Build.0 = Release|Win32
		{F6EC7D7A-D709-4ACD-8F7F-50FD7C2B1547}.Debug|x64.ActiveCfg = Debug|x64
		{F6EC7D7A-D709-4ACD-8F7F-50FD7C2B1547}.Debug|x64.Build.0 = Debug|x64
		{F6EC7D7A-D709-4ACD-8F7F-50FD7C2B1547}.Debug|x86.ActiveCfg = Debug|Win32
		{F6EC7D7A-D709-4ACD-8F7F-50FD7C2B1547}.Debug|x86.Build.0 = Debug|Win32
		{F6EC7D7A-D709-4ACD-8F7F-50FD7C2B1547}.Release|x64.ActiveCfg = Release|x64
		{F6EC7D7A-D709-4ACD-8F7F-50FD7C2B1547}.Release|x64.Build.0 = Release|x64
		{F6EC7D7A-D709-4ACD-8F7F-50FD7C2B1547}.Release|x86.ActiveCfg = Release|Win32
		{F6EC7D7A-D709-4ACD-8F7F-50FD7C2B1547}.Release|x86.Build.0 = Release|Win32
		{848346E9-EC20-43CD-BC5A-987F79581565}.Debug|x64.ActiveCfg = Debug|x64
		{848346E9-EC20-43CD-BC5A-987F79581565}.Debug|x64.Build.0 = Debug|x64
		{848346E9-EC20-43CD-BC5A-987F79581565}.Debug|x86.ActiveCfg = Debug|Win32
		{848346E9-EC20-43CD-BC5A-987F79581565}.Debug|x86.Build.0 = Debug|Win32
		{848346E9-EC20-43CD-BC5A-987F79581565}.Release|x64.ActiveCfg = Release|x64
		{848346E9-EC20-43CD-BC5A-987F79581565}.Release|x64.Build.0 = Release|x64
		{848346E9-EC20-43CD-BC5A-987F79581565}.Release|x86.ActiveCfg = Release|Win32
		{848346E9-EC20-43CD-BC5A-987F79581565}.Release|x86.Build.0 = Release|Win32
		{9367FC35-4346-4A7E-AF8A-EBB593DE5D26}.Debug|x64.ActiveCfg = Debug|x64
		{9367FC35-4346-4A7E-AF8A-EBB593DE5D26}.Debug|x64.Build.0 = Debug|x64
		{9367FC35-4346-4A7E-AF8A-EBB593DE5D26}.Debug|x86.ActiveCfg = Debug|Win32
		{9367FC35-4346-4A7E-AF8A-EBB593DE5D26}.Debug|x86.Build.0 = Debug|Win32
		{9367FC35-4346-4A7E-AF8A-EBB593DE5D26}.Release|x64.ActiveCfg = Release|x64
		{9367FC35-4346-4A7E-AF8A-EBB593DE5D26}.Release|x64.Build.0 = Release|x64
		{9367FC35-4346-4A7E-AF8A-EBB593DE5D26}.Release|x86.ActiveCfg = Release|Win32
		{9367FC35-4346-4A7E-AF8A-EBB593DE5D26}.Release|x86.Build.0 = Release|Win32
		{1158E170-3D8D-4233-B55E-AABF8C0FC3CF}.Debug|x64.ActiveCfg = Debug|x64
		{1158E170-3D8D-4233-B55E-AABF8C0FC3CF}.Debug|x64.Build.0 = Debug|x64
		{1158E170-3D8D-4233-B55E-AABF8C0FC3CF}.Debug|x86.ActiveCfg = Debug|Win32
		{1158E170-3D8D-4233-B55E-AABF8C0FC3CF}.Debug|x86.Build.0 = Debug|Win32
		{1158E170-3D8D-4233-B55E-AABF8C0FC3CF}.Release|x64.ActiveCfg = Release|x64
		{1158E170-3D8D-4233-B55E-AABF8C0FC3CF}.Release|x64.Build.0 = Release|x64
		{1158E170-3D8D-4233-B55E-AABF8C0FC3CF}.Release|x86.ActiveCfg = Release|Win32
		{1158E170-3D8D-4233-B55E-AABF8C0FC3CF}.Release|x86.Build.0 = Release|Win32
		{4F3F8BB1-D03E-4266-9605-4266F9813F89}.Debug|x64.ActiveCfg = Debug|x64
		{4F3F8BB1-D03E-4266-9605-4266F9813F89}.Debug|x64.Build.0 = Debug|x64
		{4F3F8BB1-D03E-4266-9605-4266F9813F89}.Debug|x86.ActiveCfg = Debug|Win32
		{4F3F8BB1-D03E-4266-9605-4266F9813F89}.Debug|x86.Build.0 = Debug|Win32
		{4F3F8BB1-D03E-4266-9605-4266F9813F89}.Release|x64.ActiveCfg = Release|x64
		{4F3F8BB1-D03E-4266-9605-4266F9813F89}.Release|x64.Build.0 = Release|x64
		{4F3F8BB1-D03E-4266-9605-4266F9813F89}.Release|x86.ActiveCfg = Release|Win32
		{4F3F8BB1-D03E-4266-9605-4266F9813F89}.Release|x86.Build.0 = Release|Win32
		{2EA2D060-182D-4FB6-9FA5-868E5EA2F516}.Debug|x64.ActiveCfg = Debug|x64
		{2EA2D060-182D-4FB6-9FA5-868E5EA2F516}.Debug|x64.Build.0 = Debug|x64
		{2EA2D060-182D-4FB6-9FA5-868E5EA2F516}.Debug|x86.ActiveCfg = Debug|Win32
		{2EA2D060-182D-4FB6-9FA5-868E5EA2F516}.Debug|x86.Build.0 = Debug|Win32
		{2EA2D060-182D-4FB6-9FA5-868E5EA2F516}.Release|x64.ActiveCfg = Release|x64
		{2EA2D060-182D-4FB6-9FA5-868E5EA2F516}.Release|x64.Build.0 = Release|x64
		{2EA2D060-182D-4FB6-9FA5-868E5EA2F516}.Release|x86.ActiveCfg = Release|Win32
		{2EA2D060-182D-4FB6-9FA5-868E5EA2F516}.Release|x86.Build.0 = Release|Win32
		{588C6053-F902-4D17-B4DC-3894CBE2A3EE}.Debug|x64.ActiveCfg = Debug|x64
		{588C6053-F902-4D17-B4DC-3894CBE2A3EE}.Debug|x64.Build.0 = Debug|x64
		{588C6053-F902-4D17-B4DC-3894CBE2A3EE}.Debug|x86.ActiveCfg = Debug|Win32
		{588C6053-F902-4D17-B4DC-3894CBE2A3EE}.Debug|x86.Build.0 = Debug|Win32
		{588C6053-F902-4D17-B4DC-3894CBE2A3EE}.Release|x64.ActiveCfg = Release|x64
		{588C6053-F902-4D17-B4DC-3894CBE2A3EE}.Release|x64.Build.0 = Release|x64
		{588C6053-F902-4D17-B4DC-3894CBE2A3EE}.Release|x86.ActiveCfg = Release|Win32
		{588C6053-F902-4D17-B4DC-3894CBE2A3EE}.Release|x86.Build.0 = Release|Win32
		{44FC0023-CC6C-48CB-8F71-783B46DB2F50}.Debug|x64.ActiveCfg = Debug|x64
		{44FC0023-CC6C-48CB-8F71-783B46DB2F50}.Debug|x64.Build.0 = Debug|x64
		{44FC0023-CC6C-48CB-8F71-783B46DB2F50}.Debug|x86.ActiveCfg = Debug|Win32
		{44FC0023-CC6C-48CB-8F71-783B46DB2F50}.Debug|x86.Build.0 = Debug|Win32
		{44FC0023-CC6C-48CB-8F71-783B46DB2F50}.Release|x64.ActiveCfg = Release|x64
		{44FC0023-CC6C-48CB-8F71-783B46DB2F50}.Release|x64.Build.0 = Release|x64
		{44FC0023-CC6C-48CB-8F71-783B46DB2F50}.Release|x86.ActiveCfg = Release|Win32
		{44FC0023-CC6C-48CB-8F71-783B46DB2F50}.Release|x86.Build.0 = Release|Win32
		{90508E45-CE00-4917-9E0D-19CB70AFA72E}.Debug|x64.ActiveCfg = Debug|x64
		{90508E45-CE00-4917-9E0D-19CB70AFA72E}.Debug|x64.Build.0 = Debug|x64
		{90508E45-CE00-4917-9E0D-19CB70AFA72E}.Debug|x86.ActiveCfg = Debug|Win32
		{90508E45-CE00-4917-9E0D-19CB70AFA72E}.Debug|x86.Build.0 = Debug|Win32
		{90508E45-CE00-4917-9E0D-19CB70AFA72E}.Release|x64.ActiveCfg = Release|x64
		{90508E45-CE00-4917-9E0D-19CB70AFA72E}.Release|x64.Build.0 = Release|x64
		{90508E45-CE00-4917-9E0D-19CB70AFA72E}.Release|x86.ActiveCfg = Release|Win32
		{90508E45-CE00-4917-9E0D-19CB70AFA72E}.Release|x86.Build.0 = Release|Win32
		{B2383112-CDB5-4A44-A4B2-2F34A7BA479B}.Debug|x64.ActiveCfg = Debug|x64
		{B2383112-CDB5-4A44-A4B2-2F34A7BA479B}.Debug|x64.Build.0 = Debug|x64
		{B2383112-CDB5-4A44-A4B2-2F34A7BA479B}.Debug|x86.ActiveCfg = Debug|Win32
		{B2383112-CDB5-4A44-A4B2-2F34A7BA479B}.Debug|x86.Build.0 = Debug|Win32
		{B2383112-CDB5-4A44-A4B2-2F34A7BA479B}.Release|x64.ActiveCfg = Release|x64
		{B2383112-CDB5-4A44-A4B2-2F34A7BA479B}.Release|x64.Build.0 = Release|x64
		{B2383112-CDB5-4A44-A4B2-2F34A7BA479B}.Release|x86.ActiveCfg = Release|Win32
		{B2383112-CDB5-4A44-A4B2-2F34A7BA479B}.Release|x86.Build.0 = Release|Win32
		{0EBE888B-7344-4528-AC04-C71598C0995F}.Debug|x64.ActiveCfg = Debug|x64
		{0EBE888B-7344-4528-AC04-C71598C0995F}.Debug|x64.Build.0 = Debug|x64
		{0EBE888B-7344-4528-AC04-C71598C0995F}.Debug|x86.ActiveCfg = Debug|Win32
		{0EBE888B-7344-4528-AC04-C71598C0995F}.Debug|x86.Build.0 = Debug|Win32
		{0EBE888B-7344-4528-AC04-C71598C0995F}.Release|x64.ActiveCfg = Release|x64
		{0EBE888B-7344-4528-AC04-C71598C0995F}.Release|x64.Build.0 = Release|x64
		{0EBE888B-7344-4528-AC04-C71598C0995F}.Release|x86.ActiveCfg = Release|Win32
		{0EBE888B-7344-4528-AC04-C71598C0995F}.Release|x86.Build.0 = Release|Win32
		{72C997F6-4F38-45F1-AC0E-564BAC7E0D6A}.Debug|x64.ActiveCfg = Debug|x64
		{72C997F6-4F38-45F1-AC0E-564BAC7E0D6A}.Debug|x64.Build.0 = Debug|x64
		{72C997F6-4F38-45F1-AC0E-564BAC7E0D6A}.Debug|x86.ActiveCfg = Debug|Win32
		{72C997F6-4F38-45F1-AC0E-564BAC7E0D6A}.Debug|x86.Build.0 = Debug|Win32
		{72C997F6-4F38-45F1-AC0E-564BAC7E0D6A}.Release|x64.ActiveCfg = Release|x64
		{72C997F6-4F38-45F1-AC0E-564BAC7E0D6A}.Release|x64.Build.0 = Release|x64
		{72C997F6-4F38-45F1-AC0E-564BAC7E0D6A}.Release|x86.ActiveCfg = Release|Win32
		{72C997F6-4F38-45F1-AC0E-564BAC7E0D6A}.Release|x86.Build.0 = Release|Win32
	EndGlobalSection
	GlobalSection(SolutionProperties) = preSolution
		HideSolutionNode = FALSE
	EndGlobalSection
	GlobalSection(ExtensibilityGlobals) = postSolution
		SolutionGuid = {98A8A2F1-90A4-4346-A8EC-2635E3662156}
	EndGlobalSection
EndGlobal
